// !$*UTF8*$!
{
	archiveVersion = 1;
	classes = {
	};
	objectVersion = 55;
	objects = {

/* Begin PBXBuildFile section */
		D01348A42A90283C0092D2F5 /* AppDelegate.swift in Sources */ = {isa = PBXBuildFile; fileRef = D01348A32A90283C0092D2F5 /* AppDelegate.swift */; };
		D01348A62A90283C0092D2F5 /* SceneDelegate.swift in Sources */ = {isa = PBXBuildFile; fileRef = D01348A52A90283C0092D2F5 /* SceneDelegate.swift */; };
		D01348A82A90283C0092D2F5 /* ViewController.swift in Sources */ = {isa = PBXBuildFile; fileRef = D01348A72A90283C0092D2F5 /* ViewController.swift */; };
		D01348AD2A9028400092D2F5 /* Assets.xcassets in Resources */ = {isa = PBXBuildFile; fileRef = D01348AC2A9028400092D2F5 /* Assets.xcassets */; };
		D01348B02A9028400092D2F5 /* LaunchScreen.storyboard in Resources */ = {isa = PBXBuildFile; fileRef = D01348AE2A9028400092D2F5 /* LaunchScreen.storyboard */; };
		D01348BD2A902A3A0092D2F5 /* HTTPMethod.swift in Sources */ = {isa = PBXBuildFile; fileRef = D01348BC2A902A3A0092D2F5 /* HTTPMethod.swift */; };
		D01348BF2A902A640092D2F5 /* EndPoint.swift in Sources */ = {isa = PBXBuildFile; fileRef = D01348BE2A902A640092D2F5 /* EndPoint.swift */; };
		D01348C52A902C7D0092D2F5 /* Constant.swift in Sources */ = {isa = PBXBuildFile; fileRef = D01348C42A902C7D0092D2F5 /* Constant.swift */; };
		D01348C72A902D630092D2F5 /* NetworkManager.swift in Sources */ = {isa = PBXBuildFile; fileRef = D01348C62A902D630092D2F5 /* NetworkManager.swift */; };
		D0C240FA2A902E8400C1A218 /* Song.swift in Sources */ = {isa = PBXBuildFile; fileRef = D0C240F92A902E8300C1A218 /* Song.swift */; };
/* End PBXBuildFile section */

/* Begin PBXFileReference section */
		D01348A02A90283C0092D2F5 /* TopChart2.app */ = {isa = PBXFileReference; explicitFileType = wrapper.application; includeInIndex = 0; path = TopChart2.app; sourceTree = BUILT_PRODUCTS_DIR; };
		D01348A32A90283C0092D2F5 /* AppDelegate.swift */ = {isa = PBXFileReference; lastKnownFileType = sourcecode.swift; path = AppDelegate.swift; sourceTree = "<group>"; };
		D01348A52A90283C0092D2F5 /* SceneDelegate.swift */ = {isa = PBXFileReference; lastKnownFileType = sourcecode.swift; path = SceneDelegate.swift; sourceTree = "<group>"; };
		D01348A72A90283C0092D2F5 /* ViewController.swift */ = {isa = PBXFileReference; lastKnownFileType = sourcecode.swift; path = ViewController.swift; sourceTree = "<group>"; };
		D01348AC2A9028400092D2F5 /* Assets.xcassets */ = {isa = PBXFileReference; lastKnownFileType = folder.assetcatalog; path = Assets.xcassets; sourceTree = "<group>"; };
		D01348AF2A9028400092D2F5 /* Base */ = {isa = PBXFileReference; lastKnownFileType = file.storyboard; name = Base; path = Base.lproj/LaunchScreen.storyboard; sourceTree = "<group>"; };
		D01348B12A9028400092D2F5 /* Info.plist */ = {isa = PBXFileReference; lastKnownFileType = text.plist.xml; path = Info.plist; sourceTree = "<group>"; };
		D01348BC2A902A3A0092D2F5 /* HTTPMethod.swift */ = {isa = PBXFileReference; lastKnownFileType = sourcecode.swift; path = HTTPMethod.swift; sourceTree = "<group>"; };
		D01348BE2A902A640092D2F5 /* EndPoint.swift */ = {isa = PBXFileReference; lastKnownFileType = sourcecode.swift; path = EndPoint.swift; sourceTree = "<group>"; };
		D01348C42A902C7D0092D2F5 /* Constant.swift */ = {isa = PBXFileReference; lastKnownFileType = sourcecode.swift; path = Constant.swift; sourceTree = "<group>"; };
		D01348C62A902D630092D2F5 /* NetworkManager.swift */ = {isa = PBXFileReference; lastKnownFileType = sourcecode.swift; path = NetworkManager.swift; sourceTree = "<group>"; };
		D0C240F92A902E8300C1A218 /* Song.swift */ = {isa = PBXFileReference; lastKnownFileType = sourcecode.swift; path = Song.swift; sourceTree = "<group>"; };
/* End PBXFileReference section */

/* Begin PBXFrameworksBuildPhase section */
		D013489D2A90283C0092D2F5 /* Frameworks */ = {
			isa = PBXFrameworksBuildPhase;
			buildActionMask = 2147483647;
			files = (
			);
			runOnlyForDeploymentPostprocessing = 0;
		};
/* End PBXFrameworksBuildPhase section */

/* Begin PBXGroup section */
		D01348972A90283C0092D2F5 = {
			isa = PBXGroup;
			children = (
				D01348A22A90283C0092D2F5 /* TopChart2 */,
				D01348A12A90283C0092D2F5 /* Products */,
			);
			sourceTree = "<group>";
		};
		D01348A12A90283C0092D2F5 /* Products */ = {
			isa = PBXGroup;
			children = (
				D01348A02A90283C0092D2F5 /* TopChart2.app */,
			);
			name = Products;
			sourceTree = "<group>";
		};
		D01348A22A90283C0092D2F5 /* TopChart2 */ = {
			isa = PBXGroup;
			children = (
				D01348C02A902B840092D2F5 /* Constant */,
				D01348B92A90299D0092D2F5 /* Network */,
				D01348B82A90298F0092D2F5 /* Sources */,
				D01348B72A90298B0092D2F5 /* Scene */,
				D01348AE2A9028400092D2F5 /* LaunchScreen.storyboard */,
				D01348B12A9028400092D2F5 /* Info.plist */,
			);
			path = TopChart2;
			sourceTree = "<group>";
		};
		D01348B72A90298B0092D2F5 /* Scene */ = {
			isa = PBXGroup;
			children = (
				D01348A72A90283C0092D2F5 /* ViewController.swift */,
			);
			path = Scene;
			sourceTree = "<group>";
		};
		D01348B82A90298F0092D2F5 /* Sources */ = {
			isa = PBXGroup;
			children = (
				D01348AC2A9028400092D2F5 /* Assets.xcassets */,
				D01348A32A90283C0092D2F5 /* AppDelegate.swift */,
				D01348A52A90283C0092D2F5 /* SceneDelegate.swift */,
			);
			path = Sources;
			sourceTree = "<group>";
		};
		D01348B92A90299D0092D2F5 /* Network */ = {
			isa = PBXGroup;
			children = (
				D0C240F82A902E7B00C1A218 /* Model */,
				D01348BA2A9029FE0092D2F5 /* Core */,
			);
			path = Network;
			sourceTree = "<group>";
		};
		D01348BA2A9029FE0092D2F5 /* Core */ = {
			isa = PBXGroup;
			children = (
				D01348BB2A902A2B0092D2F5 /* HTTP */,
				D01348BE2A902A640092D2F5 /* EndPoint.swift */,
				D01348C62A902D630092D2F5 /* NetworkManager.swift */,
			);
			path = Core;
			sourceTree = "<group>";
		};
		D01348BB2A902A2B0092D2F5 /* HTTP */ = {
			isa = PBXGroup;
			children = (
				D01348BC2A902A3A0092D2F5 /* HTTPMethod.swift */,
			);
			path = HTTP;
			sourceTree = "<group>";
		};
		D01348C02A902B840092D2F5 /* Constant */ = {
			isa = PBXGroup;
			children = (
				D01348C42A902C7D0092D2F5 /* Constant.swift */,
			);
			path = Constant;
			sourceTree = "<group>";
		};
		D0C240F82A902E7B00C1A218 /* Model */ = {
			isa = PBXGroup;
			children = (
				D0C240F92A902E8300C1A218 /* Song.swift */,
			);
			path = Model;
			sourceTree = "<group>";
		};
/* End PBXGroup section */

/* Begin PBXNativeTarget section */
		D013489F2A90283C0092D2F5 /* TopChart2 */ = {
			isa = PBXNativeTarget;
			buildConfigurationList = D01348B42A9028400092D2F5 /* Build configuration list for PBXNativeTarget "TopChart2" */;
			buildPhases = (
				D013489C2A90283C0092D2F5 /* Sources */,
				D013489D2A90283C0092D2F5 /* Frameworks */,
				D013489E2A90283C0092D2F5 /* Resources */,
			);
			buildRules = (
			);
			dependencies = (
			);
			name = TopChart2;
			productName = TopChart2;
			productReference = D01348A02A90283C0092D2F5 /* TopChart2.app */;
			productType = "com.apple.product-type.application";
		};
/* End PBXNativeTarget section */

/* Begin PBXProject section */
		D01348982A90283C0092D2F5 /* Project object */ = {
			isa = PBXProject;
			attributes = {
				BuildIndependentTargetsInParallel = 1;
				LastSwiftUpdateCheck = 1340;
				LastUpgradeCheck = 1340;
				TargetAttributes = {
					D013489F2A90283C0092D2F5 = {
						CreatedOnToolsVersion = 13.4.1;
					};
				};
			};
			buildConfigurationList = D013489B2A90283C0092D2F5 /* Build configuration list for PBXProject "TopChart2" */;
			compatibilityVersion = "Xcode 13.0";
			developmentRegion = en;
			hasScannedForEncodings = 0;
			knownRegions = (
				en,
				Base,
			);
			mainGroup = D01348972A90283C0092D2F5;
			productRefGroup = D01348A12A90283C0092D2F5 /* Products */;
			projectDirPath = "";
			projectRoot = "";
			targets = (
				D013489F2A90283C0092D2F5 /* TopChart2 */,
			);
		};
/* End PBXProject section */

/* Begin PBXResourcesBuildPhase section */
		D013489E2A90283C0092D2F5 /* Resources */ = {
			isa = PBXResourcesBuildPhase;
			buildActionMask = 2147483647;
			files = (
				D01348B02A9028400092D2F5 /* LaunchScreen.storyboard in Resources */,
				D01348AD2A9028400092D2F5 /* Assets.xcassets in Resources */,
			);
			runOnlyForDeploymentPostprocessing = 0;
		};
/* End PBXResourcesBuildPhase section */

/* Begin PBXSourcesBuildPhase section */
		D013489C2A90283C0092D2F5 /* Sources */ = {
			isa = PBXSourcesBuildPhase;
			buildActionMask = 2147483647;
			files = (
				D01348BD2A902A3A0092D2F5 /* HTTPMethod.swift in Sources */,
				D01348A82A90283C0092D2F5 /* ViewController.swift in Sources */,
				D01348BF2A902A640092D2F5 /* EndPoint.swift in Sources */,
				D01348C72A902D630092D2F5 /* NetworkManager.swift in Sources */,
				D0C240FA2A902E8400C1A218 /* Song.swift in Sources */,
				D01348A42A90283C0092D2F5 /* AppDelegate.swift in Sources */,
				D01348A62A90283C0092D2F5 /* SceneDelegate.swift in Sources */,
				D01348C52A902C7D0092D2F5 /* Constant.swift in Sources */,
			);
			runOnlyForDeploymentPostprocessing = 0;
		};
/* End PBXSourcesBuildPhase section */

/* Begin PBXVariantGroup section */
		D01348AE2A9028400092D2F5 /* LaunchScreen.storyboard */ = {
			isa = PBXVariantGroup;
			children = (
				D01348AF2A9028400092D2F5 /* Base */,
			);
			name = LaunchScreen.storyboard;
			sourceTree = "<group>";
		};
/* End PBXVariantGroup section */

/* Begin XCBuildConfiguration section */
		D01348B22A9028400092D2F5 /* Debug */ = {
			isa = XCBuildConfiguration;
			buildSettings = {
				ALWAYS_SEARCH_USER_PATHS = NO;
				CLANG_ANALYZER_NONNULL = YES;
				CLANG_ANALYZER_NUMBER_OBJECT_CONVERSION = YES_AGGRESSIVE;
				CLANG_CXX_LANGUAGE_STANDARD = "gnu++17";
				CLANG_ENABLE_MODULES = YES;
				CLANG_ENABLE_OBJC_ARC = YES;
				CLANG_ENABLE_OBJC_WEAK = YES;
				CLANG_WARN_BLOCK_CAPTURE_AUTORELEASING = YES;
				CLANG_WARN_BOOL_CONVERSION = YES;
				CLANG_WARN_COMMA = YES;
				CLANG_WARN_CONSTANT_CONVERSION = YES;
				CLANG_WARN_DEPRECATED_OBJC_IMPLEMENTATIONS = YES;
				CLANG_WARN_DIRECT_OBJC_ISA_USAGE = YES_ERROR;
				CLANG_WARN_DOCUMENTATION_COMMENTS = YES;
				CLANG_WARN_EMPTY_BODY = YES;
				CLANG_WARN_ENUM_CONVERSION = YES;
				CLANG_WARN_INFINITE_RECURSION = YES;
				CLANG_WARN_INT_CONVERSION = YES;
				CLANG_WARN_NON_LITERAL_NULL_CONVERSION = YES;
				CLANG_WARN_OBJC_IMPLICIT_RETAIN_SELF = YES;
				CLANG_WARN_OBJC_LITERAL_CONVERSION = YES;
				CLANG_WARN_OBJC_ROOT_CLASS = YES_ERROR;
				CLANG_WARN_QUOTED_INCLUDE_IN_FRAMEWORK_HEADER = YES;
				CLANG_WARN_RANGE_LOOP_ANALYSIS = YES;
				CLANG_WARN_STRICT_PROTOTYPES = YES;
				CLANG_WARN_SUSPICIOUS_MOVE = YES;
				CLANG_WARN_UNGUARDED_AVAILABILITY = YES_AGGRESSIVE;
				CLANG_WARN_UNREACHABLE_CODE = YES;
				CLANG_WARN__DUPLICATE_METHOD_MATCH = YES;
				COPY_PHASE_STRIP = NO;
				DEBUG_INFORMATION_FORMAT = dwarf;
				ENABLE_STRICT_OBJC_MSGSEND = YES;
				ENABLE_TESTABILITY = YES;
				GCC_C_LANGUAGE_STANDARD = gnu11;
				GCC_DYNAMIC_NO_PIC = NO;
				GCC_NO_COMMON_BLOCKS = YES;
				GCC_OPTIMIZATION_LEVEL = 0;
				GCC_PREPROCESSOR_DEFINITIONS = (
					"DEBUG=1",
					"$(inherited)",
				);
				GCC_WARN_64_TO_32_BIT_CONVERSION = YES;
				GCC_WARN_ABOUT_RETURN_TYPE = YES_ERROR;
				GCC_WARN_UNDECLARED_SELECTOR = YES;
				GCC_WARN_UNINITIALIZED_AUTOS = YES_AGGRESSIVE;
				GCC_WARN_UNUSED_FUNCTION = YES;
				GCC_WARN_UNUSED_VARIABLE = YES;
				IPHONEOS_DEPLOYMENT_TARGET = 15.5;
				MTL_ENABLE_DEBUG_INFO = INCLUDE_SOURCE;
				MTL_FAST_MATH = YES;
				ONLY_ACTIVE_ARCH = YES;
				SDKROOT = iphoneos;
				SWIFT_ACTIVE_COMPILATION_CONDITIONS = DEBUG;
				SWIFT_OPTIMIZATION_LEVEL = "-Onone";
			};
			name = Debug;
		};
		D01348B32A9028400092D2F5 /* Release */ = {
			isa = XCBuildConfiguration;
			buildSettings = {
				ALWAYS_SEARCH_USER_PATHS = NO;
				CLANG_ANALYZER_NONNULL = YES;
				CLANG_ANALYZER_NUMBER_OBJECT_CONVERSION = YES_AGGRESSIVE;
				CLANG_CXX_LANGUAGE_STANDARD = "gnu++17";
				CLANG_ENABLE_MODULES = YES;
				CLANG_ENABLE_OBJC_ARC = YES;
				CLANG_ENABLE_OBJC_WEAK = YES;
				CLANG_WARN_BLOCK_CAPTURE_AUTORELEASING = YES;
				CLANG_WARN_BOOL_CONVERSION = YES;
				CLANG_WARN_COMMA = YES;
				CLANG_WARN_CONSTANT_CONVERSION = YES;
				CLANG_WARN_DEPRECATED_OBJC_IMPLEMENTATIONS = YES;
				CLANG_WARN_DIRECT_OBJC_ISA_USAGE = YES_ERROR;
				CLANG_WARN_DOCUMENTATION_COMMENTS = YES;
				CLANG_WARN_EMPTY_BODY = YES;
				CLANG_WARN_ENUM_CONVERSION = YES;
				CLANG_WARN_INFINITE_RECURSION = YES;
				CLANG_WARN_INT_CONVERSION = YES;
				CLANG_WARN_NON_LITERAL_NULL_CONVERSION = YES;
				CLANG_WARN_OBJC_IMPLICIT_RETAIN_SELF = YES;
				CLANG_WARN_OBJC_LITERAL_CONVERSION = YES;
				CLANG_WARN_OBJC_ROOT_CLASS = YES_ERROR;
				CLANG_WARN_QUOTED_INCLUDE_IN_FRAMEWORK_HEADER = YES;
				CLANG_WARN_RANGE_LOOP_ANALYSIS = YES;
				CLANG_WARN_STRICT_PROTOTYPES = YES;
				CLANG_WARN_SUSPICIOUS_MOVE = YES;
				CLANG_WARN_UNGUARDED_AVAILABILITY = YES_AGGRESSIVE;
				CLANG_WARN_UNREACHABLE_CODE = YES;
				CLANG_WARN__DUPLICATE_METHOD_MATCH = YES;
				COPY_PHASE_STRIP = NO;
				DEBUG_INFORMATION_FORMAT = "dwarf-with-dsym";
				ENABLE_NS_ASSERTIONS = NO;
				ENABLE_STRICT_OBJC_MSGSEND = YES;
				GCC_C_LANGUAGE_STANDARD = gnu11;
				GCC_NO_COMMON_BLOCKS = YES;
				GCC_WARN_64_TO_32_BIT_CONVERSION = YES;
				GCC_WARN_ABOUT_RETURN_TYPE = YES_ERROR;
				GCC_WARN_UNDECLARED_SELECTOR = YES;
				GCC_WARN_UNINITIALIZED_AUTOS = YES_AGGRESSIVE;
				GCC_WARN_UNUSED_FUNCTION = YES;
				GCC_WARN_UNUSED_VARIABLE = YES;
				IPHONEOS_DEPLOYMENT_TARGET = 15.5;
				MTL_ENABLE_DEBUG_INFO = NO;
				MTL_FAST_MATH = YES;
				SDKROOT = iphoneos;
				SWIFT_COMPILATION_MODE = wholemodule;
				SWIFT_OPTIMIZATION_LEVEL = "-O";
				VALIDATE_PRODUCT = YES;
			};
			name = Release;
		};
		D01348B52A9028400092D2F5 /* Debug */ = {
			isa = XCBuildConfiguration;
			buildSettings = {
				ASSETCATALOG_COMPILER_APPICON_NAME = AppIcon;
				ASSETCATALOG_COMPILER_GLOBAL_ACCENT_COLOR_NAME = AccentColor;
				CODE_SIGN_STYLE = Automatic;
				CURRENT_PROJECT_VERSION = 1;
				DEVELOPMENT_TEAM = WL3K4A7DH8;
				GENERATE_INFOPLIST_FILE = YES;
				INFOPLIST_FILE = TopChart2/Info.plist;
				INFOPLIST_KEY_UIApplicationSupportsIndirectInputEvents = YES;
				INFOPLIST_KEY_UILaunchStoryboardName = LaunchScreen;
				INFOPLIST_KEY_UISupportedInterfaceOrientations_iPad = "UIInterfaceOrientationPortrait UIInterfaceOrientationPortraitUpsideDown UIInterfaceOrientationLandscapeLeft UIInterfaceOrientationLandscapeRight";
				INFOPLIST_KEY_UISupportedInterfaceOrientations_iPhone = "UIInterfaceOrientationPortrait UIInterfaceOrientationLandscapeLeft UIInterfaceOrientationLandscapeRight";
				LD_RUNPATH_SEARCH_PATHS = (
					"$(inherited)",
					"@executable_path/Frameworks",
				);
				MARKETING_VERSION = 1.0;
				PRODUCT_BUNDLE_IDENTIFIER = barixmen.TopChart2;
				PRODUCT_NAME = "$(TARGET_NAME)";
				SWIFT_EMIT_LOC_STRINGS = YES;
				SWIFT_VERSION = 5.0;
				TARGETED_DEVICE_FAMILY = 1;
			};
			name = Debug;
		};
		D01348B62A9028400092D2F5 /* Release */ = {
			isa = XCBuildConfiguration;
			buildSettings = {
				ASSETCATALOG_COMPILER_APPICON_NAME = AppIcon;
				ASSETCATALOG_COMPILER_GLOBAL_ACCENT_COLOR_NAME = AccentColor;
				CODE_SIGN_STYLE = Automatic;
				CURRENT_PROJECT_VERSION = 1;
				DEVELOPMENT_TEAM = WL3K4A7DH8;
				GENERATE_INFOPLIST_FILE = YES;
				INFOPLIST_FILE = TopChart2/Info.plist;
				INFOPLIST_KEY_UIApplicationSupportsIndirectInputEvents = YES;
				INFOPLIST_KEY_UILaunchStoryboardName = LaunchScreen;
				INFOPLIST_KEY_UISupportedInterfaceOrientations_iPad = "UIInterfaceOrientationPortrait UIInterfaceOrientationPortraitUpsideDown UIInterfaceOrientationLandscapeLeft UIInterfaceOrientationLandscapeRight";
				INFOPLIST_KEY_UISupportedInterfaceOrientations_iPhone = "UIInterfaceOrientationPortrait UIInterfaceOrientationLandscapeLeft UIInterfaceOrientationLandscapeRight";
				LD_RUNPATH_SEARCH_PATHS = (
					"$(inherited)",
					"@executable_path/Frameworks",
				);
				MARKETING_VERSION = 1.0;
				PRODUCT_BUNDLE_IDENTIFIER = barixmen.TopChart2;
				PRODUCT_NAME = "$(TARGET_NAME)";
				SWIFT_EMIT_LOC_STRINGS = YES;
				SWIFT_VERSION = 5.0;
				TARGETED_DEVICE_FAMILY = 1;
			};
			name = Release;
		};
/* End XCBuildConfiguration section */

/* Begin XCConfigurationList section */
		D013489B2A90283C0092D2F5 /* Build configuration list for PBXProject "TopChart2" */ = {
			isa = XCConfigurationList;
			buildConfigurations = (
				D01348B22A9028400092D2F5 /* Debug */,
				D01348B32A9028400092D2F5 /* Release */,
			);
			defaultConfigurationIsVisible = 0;
			defaultConfigurationName = Release;
		};
		D01348B42A9028400092D2F5 /* Build configuration list for PBXNativeTarget "TopChart2" */ = {
			isa = XCConfigurationList;
			buildConfigurations = (
				D01348B52A9028400092D2F5 /* Debug */,
				D01348B62A9028400092D2F5 /* Release */,
			);
			defaultConfigurationIsVisible = 0;
			defaultConfigurationName = Release;
		};
/* End XCConfigurationList section */
	};
	rootObject = D01348982A90283C0092D2F5 /* Project object */;
}
